
Microsoft Visual Studio Solution File, Format Version 12.00
# Visual Studio Version 17
VisualStudioVersion = 17.3.32825.248
MinimumVisualStudioVersion = 10.0.40219.1
Project("{FAE04EC0-301F-11D3-BF4B-00C04F79EFBC}") = "money", "money\money.csproj", "{772C4B5B-9904-4824-9EE0-81B1C4EDFB16}"
EndProject
Global
	GlobalSection(SolutionConfigurationPlatforms) = preSolution
		Debug|Any CPU = Debug|Any CPU
		Release|Any CPU = Release|Any CPU
	EndGlobalSection
	GlobalSection(ProjectConfigurationPlatforms) = postSolution
		{772C4B5B-9904-4824-9EE0-81B1C4EDFB16}.Debug|Any CPU.ActiveCfg = Debug|Any CPU
		{772C4B5B-9904-4824-9EE0-81B1C4EDFB16}.Debug|Any CPU.Build.0 = Debug|Any CPU
		{772C4B5B-9904-4824-9EE0-81B1C4EDFB16}.Release|Any CPU.ActiveCfg = Release|Any CPU
		{772C4B5B-9904-4824-9EE0-81B1C4EDFB16}.Release|Any CPU.Build.0 = Release|Any CPU
	EndGlobalSection
	GlobalSection(SolutionProperties) = preSolution
		HideSolutionNode = FALSE
	EndGlobalSection
	GlobalSection(ExtensibilityGlobals) = postSolution
		SolutionGuid = {5DDCBE45-9721-4209-A920-F5233BB578DD}
	EndGlobalSection
EndGlobal
